// !$*UTF8*$!
{
	archiveVersion = 1;
	classes = {
	};
	objectVersion = 50;
	objects = {

/* Begin PBXBuildFile section */
		82CC07BE219A23A0008B78C7 /* AppDelegate.m in Sources */ = {isa = PBXBuildFile; fileRef = 82CC07BD219A23A0008B78C7 /* AppDelegate.m */; };
		82CC07C4219A23A0008B78C7 /* Main.storyboard in Resources */ = {isa = PBXBuildFile; fileRef = 82CC07C2219A23A0008B78C7 /* Main.storyboard */; };
		82CC07C6219A23A1008B78C7 /* Assets.xcassets in Resources */ = {isa = PBXBuildFile; fileRef = 82CC07C5219A23A1008B78C7 /* Assets.xcassets */; };
		82CC07C9219A23A1008B78C7 /* LaunchScreen.storyboard in Resources */ = {isa = PBXBuildFile; fileRef = 82CC07C7219A23A1008B78C7 /* LaunchScreen.storyboard */; };
		82CC07CC219A23A1008B78C7 /* main.m in Sources */ = {isa = PBXBuildFile; fileRef = 82CC07CB219A23A1008B78C7 /* main.m */; };
		82CC07D6219A2488008B78C7 /* LSPlanetsCollectionViewController.m in Sources */ = {isa = PBXBuildFile; fileRef = 82CC07D5219A2488008B78C7 /* LSPlanetsCollectionViewController.m */; };
/* End PBXBuildFile section */

/* Begin PBXFileReference section */
		82CC07B9219A23A0008B78C7 /* Planets Objc.app */ = {isa = PBXFileReference; explicitFileType = wrapper.application; includeInIndex = 0; path = "Planets Objc.app"; sourceTree = BUILT_PRODUCTS_DIR; };
		82CC07BC219A23A0008B78C7 /* AppDelegate.h */ = {isa = PBXFileReference; lastKnownFileType = sourcecode.c.h; path = AppDelegate.h; sourceTree = "<group>"; };
		82CC07BD219A23A0008B78C7 /* AppDelegate.m */ = {isa = PBXFileReference; lastKnownFileType = sourcecode.c.objc; path = AppDelegate.m; sourceTree = "<group>"; };
		82CC07C3219A23A0008B78C7 /* Base */ = {isa = PBXFileReference; lastKnownFileType = file.storyboard; name = Base; path = Base.lproj/Main.storyboard; sourceTree = "<group>"; };
		82CC07C5219A23A1008B78C7 /* Assets.xcassets */ = {isa = PBXFileReference; lastKnownFileType = folder.assetcatalog; path = Assets.xcassets; sourceTree = "<group>"; };
		82CC07C8219A23A1008B78C7 /* Base */ = {isa = PBXFileReference; lastKnownFileType = file.storyboard; name = Base; path = Base.lproj/LaunchScreen.storyboard; sourceTree = "<group>"; };
		82CC07CA219A23A1008B78C7 /* Info.plist */ = {isa = PBXFileReference; lastKnownFileType = text.plist.xml; path = Info.plist; sourceTree = "<group>"; };
		82CC07CB219A23A1008B78C7 /* main.m */ = {isa = PBXFileReference; lastKnownFileType = sourcecode.c.objc; path = main.m; sourceTree = "<group>"; };
		82CC07D4219A2488008B78C7 /* LSPlanetsCollectionViewController.h */ = {isa = PBXFileReference; lastKnownFileType = sourcecode.c.h; path = LSPlanetsCollectionViewController.h; sourceTree = "<group>"; };
		82CC07D5219A2488008B78C7 /* LSPlanetsCollectionViewController.m */ = {isa = PBXFileReference; lastKnownFileType = sourcecode.c.objc; path = LSPlanetsCollectionViewController.m; sourceTree = "<group>"; };
/* End PBXFileReference section */

/* Begin PBXFrameworksBuildPhase section */
		82CC07B6219A23A0008B78C7 /* Frameworks */ = {
			isa = PBXFrameworksBuildPhase;
			buildActionMask = 2147483647;
			files = (
			);
			runOnlyForDeploymentPostprocessing = 0;
		};
/* End PBXFrameworksBuildPhase section */

/* Begin PBXGroup section */
		82CC07B0219A23A0008B78C7 = {
			isa = PBXGroup;
			children = (
				82CC07BB219A23A0008B78C7 /* Planets Objc */,
				82CC07BA219A23A0008B78C7 /* Products */,
			);
			sourceTree = "<group>";
		};
		82CC07BA219A23A0008B78C7 /* Products */ = {
			isa = PBXGroup;
			children = (
				82CC07B9219A23A0008B78C7 /* Planets Objc.app */,
			);
			name = Products;
			sourceTree = "<group>";
		};
		82CC07BB219A23A0008B78C7 /* Planets Objc */ = {
			isa = PBXGroup;
			children = (
				82CC07D7219A2495008B78C7 /* View Controller */,
				82CC07D3219A23C4008B78C7 /* Storyboard */,
				82CC07D2219A23BC008B78C7 /* Resources */,
			);
			path = "Planets Objc";
			sourceTree = "<group>";
		};
		82CC07D2219A23BC008B78C7 /* Resources */ = {
			isa = PBXGroup;
			children = (
				82CC07CB219A23A1008B78C7 /* main.m */,
				82CC07BC219A23A0008B78C7 /* AppDelegate.h */,
				82CC07BD219A23A0008B78C7 /* AppDelegate.m */,
				82CC07C5219A23A1008B78C7 /* Assets.xcassets */,
				82CC07CA219A23A1008B78C7 /* Info.plist */,
			);
			path = Resources;
			sourceTree = "<group>";
		};
		82CC07D3219A23C4008B78C7 /* Storyboard */ = {
			isa = PBXGroup;
			children = (
				82CC07C2219A23A0008B78C7 /* Main.storyboard */,
				82CC07C7219A23A1008B78C7 /* LaunchScreen.storyboard */,
			);
			path = Storyboard;
			sourceTree = "<group>";
		};
		82CC07D7219A2495008B78C7 /* View Controller */ = {
			isa = PBXGroup;
			children = (
				82CC07D4219A2488008B78C7 /* LSPlanetsCollectionViewController.h */,
				82CC07D5219A2488008B78C7 /* LSPlanetsCollectionViewController.m */,
			);
			path = "View Controller";
			sourceTree = "<group>";
		};
/* End PBXGroup section */

/* Begin PBXNativeTarget section */
		82CC07B8219A23A0008B78C7 /* Planets Objc */ = {
			isa = PBXNativeTarget;
			buildConfigurationList = 82CC07CF219A23A1008B78C7 /* Build configuration list for PBXNativeTarget "Planets Objc" */;
			buildPhases = (
				82CC07B5219A23A0008B78C7 /* Sources */,
				82CC07B6219A23A0008B78C7 /* Frameworks */,
				82CC07B7219A23A0008B78C7 /* Resources */,
			);
			buildRules = (
			);
			dependencies = (
			);
			name = "Planets Objc";
			productName = "Planets Objc";
			productReference = 82CC07B9219A23A0008B78C7 /* Planets Objc.app */;
			productType = "com.apple.product-type.application";
		};
/* End PBXNativeTarget section */

/* Begin PBXProject section */
		82CC07B1219A23A0008B78C7 /* Project object */ = {
			isa = PBXProject;
			attributes = {
				LastUpgradeCheck = 1010;
				ORGANIZATIONNAME = "Lambda School";
				TargetAttributes = {
					82CC07B8219A23A0008B78C7 = {
						CreatedOnToolsVersion = 10.1;
					};
				};
			};
			buildConfigurationList = 82CC07B4219A23A0008B78C7 /* Build configuration list for PBXProject "Planets Objc" */;
			compatibilityVersion = "Xcode 9.3";
			developmentRegion = en;
			hasScannedForEncodings = 0;
			knownRegions = (
				en,
				Base,
			);
			mainGroup = 82CC07B0219A23A0008B78C7;
			productRefGroup = 82CC07BA219A23A0008B78C7 /* Products */;
			projectDirPath = "";
			projectRoot = "";
			targets = (
				82CC07B8219A23A0008B78C7 /* Planets Objc */,
			);
		};
/* End PBXProject section */

/* Begin PBXResourcesBuildPhase section */
		82CC07B7219A23A0008B78C7 /* Resources */ = {
			isa = PBXResourcesBuildPhase;
			buildActionMask = 2147483647;
			files = (
				82CC07C9219A23A1008B78C7 /* LaunchScreen.storyboard in Resources */,
				82CC07C6219A23A1008B78C7 /* Assets.xcassets in Resources */,
				82CC07C4219A23A0008B78C7 /* Main.storyboard in Resources */,
			);
			runOnlyForDeploymentPostprocessing = 0;
		};
/* End PBXResourcesBuildPhase section */

/* Begin PBXSourcesBuildPhase section */
		82CC07B5219A23A0008B78C7 /* Sources */ = {
			isa = PBXSourcesBuildPhase;
			buildActionMask = 2147483647;
			files = (
				82CC07CC219A23A1008B78C7 /* main.m in Sources */,
				82CC07BE219A23A0008B78C7 /* AppDelegate.m in Sources */,
				82CC07D6219A2488008B78C7 /* LSPlanetsCollectionViewController.m in Sources */,
			);
			runOnlyForDeploymentPostprocessing = 0;
		};
/* End PBXSourcesBuildPhase section */

/* Begin PBXVariantGroup section */
		82CC07C2219A23A0008B78C7 /* Main.storyboard */ = {
			isa = PBXVariantGroup;
			children = (
				82CC07C3219A23A0008B78C7 /* Base */,
			);
			name = Main.storyboard;
			sourceTree = "<group>";
		};
		82CC07C7219A23A1008B78C7 /* LaunchScreen.storyboard */ = {
			isa = PBXVariantGroup;
			children = (
				82CC07C8219A23A1008B78C7 /* Base */,
			);
			name = LaunchScreen.storyboard;
			sourceTree = "<group>";
		};
/* End PBXVariantGroup section */

/* Begin XCBuildConfiguration section */
		82CC07CD219A23A1008B78C7 /* Debug */ = {
			isa = XCBuildConfiguration;
			buildSettings = {
				ALWAYS_SEARCH_USER_PATHS = NO;
				CLANG_ANALYZER_NONNULL = YES;
				CLANG_ANALYZER_NUMBER_OBJECT_CONVERSION = YES_AGGRESSIVE;
				CLANG_CXX_LANGUAGE_STANDARD = "gnu++14";
				CLANG_CXX_LIBRARY = "libc++";
				CLANG_ENABLE_MODULES = YES;
				CLANG_ENABLE_OBJC_ARC = YES;
				CLANG_ENABLE_OBJC_WEAK = YES;
				CLANG_WARN_BLOCK_CAPTURE_AUTORELEASING = YES;
				CLANG_WARN_BOOL_CONVERSION = YES;
				CLANG_WARN_COMMA = YES;
				CLANG_WARN_CONSTANT_CONVERSION = YES;
				CLANG_WARN_DEPRECATED_OBJC_IMPLEMENTATIONS = YES;
				CLANG_WARN_DIRECT_OBJC_ISA_USAGE = YES_ERROR;
				CLANG_WARN_DOCUMENTATION_COMMENTS = YES;
				CLANG_WARN_EMPTY_BODY = YES;
				CLANG_WARN_ENUM_CONVERSION = YES;
				CLANG_WARN_INFINITE_RECURSION = YES;
				CLANG_WARN_INT_CONVERSION = YES;
				CLANG_WARN_NON_LITERAL_NULL_CONVERSION = YES;
				CLANG_WARN_OBJC_IMPLICIT_RETAIN_SELF = YES;
				CLANG_WARN_OBJC_LITERAL_CONVERSION = YES;
				CLANG_WARN_OBJC_ROOT_CLASS = YES_ERROR;
				CLANG_WARN_RANGE_LOOP_ANALYSIS = YES;
				CLANG_WARN_STRICT_PROTOTYPES = YES;
				CLANG_WARN_SUSPICIOUS_MOVE = YES;
				CLANG_WARN_UNGUARDED_AVAILABILITY = YES_AGGRESSIVE;
				CLANG_WARN_UNREACHABLE_CODE = YES;
				CLANG_WARN__DUPLICATE_METHOD_MATCH = YES;
				CODE_SIGN_IDENTITY = "iPhone Developer";
				COPY_PHASE_STRIP = NO;
				DEBUG_INFORMATION_FORMAT = dwarf;
				ENABLE_STRICT_OBJC_MSGSEND = YES;
				ENABLE_TESTABILITY = YES;
				GCC_C_LANGUAGE_STANDARD = gnu11;
				GCC_DYNAMIC_NO_PIC = NO;
				GCC_NO_COMMON_BLOCKS = YES;
				GCC_OPTIMIZATION_LEVEL = 0;
				GCC_PREPROCESSOR_DEFINITIONS = (
					"DEBUG=1",
					"$(inherited)",
				);
				GCC_WARN_64_TO_32_BIT_CONVERSION = YES;
				GCC_WARN_ABOUT_RETURN_TYPE = YES_ERROR;
				GCC_WARN_UNDECLARED_SELECTOR = YES;
				GCC_WARN_UNINITIALIZED_AUTOS = YES_AGGRESSIVE;
				GCC_WARN_UNUSED_FUNCTION = YES;
				GCC_WARN_UNUSED_VARIABLE = YES;
				IPHONEOS_DEPLOYMENT_TARGET = 12.1;
				MTL_ENABLE_DEBUG_INFO = INCLUDE_SOURCE;
				MTL_FAST_MATH = YES;
				ONLY_ACTIVE_ARCH = YES;
				SDKROOT = iphoneos;
			};
			name = Debug;
		};
		82CC07CE219A23A1008B78C7 /* Release */ = {
			isa = XCBuildConfiguration;
			buildSettings = {
				ALWAYS_SEARCH_USER_PATHS = NO;
				CLANG_ANALYZER_NONNULL = YES;
				CLANG_ANALYZER_NUMBER_OBJECT_CONVERSION = YES_AGGRESSIVE;
				CLANG_CXX_LANGUAGE_STANDARD = "gnu++14";
				CLANG_CXX_LIBRARY = "libc++";
				CLANG_ENABLE_MODULES = YES;
				CLANG_ENABLE_OBJC_ARC = YES;
				CLANG_ENABLE_OBJC_WEAK = YES;
				CLANG_WARN_BLOCK_CAPTURE_AUTORELEASING = YES;
				CLANG_WARN_BOOL_CONVERSION = YES;
				CLANG_WARN_COMMA = YES;
				CLANG_WARN_CONSTANT_CONVERSION = YES;
				CLANG_WARN_DEPRECATED_OBJC_IMPLEMENTATIONS = YES;
				CLANG_WARN_DIRECT_OBJC_ISA_USAGE = YES_ERROR;
				CLANG_WARN_DOCUMENTATION_COMMENTS = YES;
				CLANG_WARN_EMPTY_BODY = YES;
				CLANG_WARN_ENUM_CONVERSION = YES;
				CLANG_WARN_INFINITE_RECURSION = YES;
				CLANG_WARN_INT_CONVERSION = YES;
				CLANG_WARN_NON_LITERAL_NULL_CONVERSION = YES;
				CLANG_WARN_OBJC_IMPLICIT_RETAIN_SELF = YES;
				CLANG_WARN_OBJC_LITERAL_CONVERSION = YES;
				CLANG_WARN_OBJC_ROOT_CLASS = YES_ERROR;
				CLANG_WARN_RANGE_LOOP_ANALYSIS = YES;
				CLANG_WARN_STRICT_PROTOTYPES = YES;
				CLANG_WARN_SUSPICIOUS_MOVE = YES;
				CLANG_WARN_UNGUARDED_AVAILABILITY = YES_AGGRESSIVE;
				CLANG_WARN_UNREACHABLE_CODE = YES;
				CLANG_WARN__DUPLICATE_METHOD_MATCH = YES;
				CODE_SIGN_IDENTITY = "iPhone Developer";
				COPY_PHASE_STRIP = NO;
				DEBUG_INFORMATION_FORMAT = "dwarf-with-dsym";
				ENABLE_NS_ASSERTIONS = NO;
				ENABLE_STRICT_OBJC_MSGSEND = YES;
				GCC_C_LANGUAGE_STANDARD = gnu11;
				GCC_NO_COMMON_BLOCKS = YES;
				GCC_WARN_64_TO_32_BIT_CONVERSION = YES;
				GCC_WARN_ABOUT_RETURN_TYPE = YES_ERROR;
				GCC_WARN_UNDECLARED_SELECTOR = YES;
				GCC_WARN_UNINITIALIZED_AUTOS = YES_AGGRESSIVE;
				GCC_WARN_UNUSED_FUNCTION = YES;
				GCC_WARN_UNUSED_VARIABLE = YES;
				IPHONEOS_DEPLOYMENT_TARGET = 12.1;
				MTL_ENABLE_DEBUG_INFO = NO;
				MTL_FAST_MATH = YES;
				SDKROOT = iphoneos;
				VALIDATE_PRODUCT = YES;
			};
			name = Release;
		};
		82CC07D0219A23A1008B78C7 /* Debug */ = {
			isa = XCBuildConfiguration;
			buildSettings = {
				ASSETCATALOG_COMPILER_APPICON_NAME = AppIcon;
				CODE_SIGN_STYLE = Automatic;
				INFOPLIST_FILE = "$(SRCROOT)/Planets Objc/Resources/Info.plist";
				LD_RUNPATH_SEARCH_PATHS = (
					"$(inherited)",
					"@executable_path/Frameworks",
				);
				PRODUCT_BUNDLE_IDENTIFIER = "com.lambdaschool.Planets-Objc";
				PRODUCT_NAME = "$(TARGET_NAME)";
				TARGETED_DEVICE_FAMILY = "1,2";
			};
			name = Debug;
		};
		82CC07D1219A23A1008B78C7 /* Release */ = {
			isa = XCBuildConfiguration;
			buildSettings = {
				ASSETCATALOG_COMPILER_APPICON_NAME = AppIcon;
				CODE_SIGN_STYLE = Automatic;
				INFOPLIST_FILE = "$(SRCROOT)/Planets Objc/Resources/Info.plist";
				LD_RUNPATH_SEARCH_PATHS = (
					"$(inherited)",
					"@executable_path/Frameworks",
				);
				PRODUCT_BUNDLE_IDENTIFIER = "com.lambdaschool.Planets-Objc";
				PRODUCT_NAME = "$(TARGET_NAME)";
				TARGETED_DEVICE_FAMILY = "1,2";
			};
			name = Release;
		};
/* End XCBuildConfiguration section */

/* Begin XCConfigurationList section */
		82CC07B4219A23A0008B78C7 /* Build configuration list for PBXProject "Planets Objc" */ = {
			isa = XCConfigurationList;
			buildConfigurations = (
				82CC07CD219A23A1008B78C7 /* Debug */,
				82CC07CE219A23A1008B78C7 /* Release */,
			);
			defaultConfigurationIsVisible = 0;
			defaultConfigurationName = Release;
		};
		82CC07CF219A23A1008B78C7 /* Build configuration list for PBXNativeTarget "Planets Objc" */ = {
			isa = XCConfigurationList;
			buildConfigurations = (
				82CC07D0219A23A1008B78C7 /* Debug */,
				82CC07D1219A23A1008B78C7 /* Release */,
			);
			defaultConfigurationIsVisible = 0;
			defaultConfigurationName = Release;
		};
/* End XCConfigurationList section */
	};
	rootObject = 82CC07B1219A23A0008B78C7 /* Project object */;
}
